
Microsoft Visual Studio Solution File, Format Version 12.00
# Visual Studio 2017
Project("{FAE04EC0-301F-11D3-BF4B-00C04F79EFBC}") = "HOMI", "HOMI.csproj", "{C77B866A-2D66-278A-CED4-E705CE2867E7}"
EndProject
Global
	GlobalSection(SolutionConfigurationPlatforms) = preSolution
		Debug|Any CPU = Debug|Any CPU
		Release|Any CPU = Release|Any CPU
	EndGlobalSection
	GlobalSection(ProjectConfigurationPlatforms) = postSolution
		{C77B866A-2D66-278A-CED4-E705CE2867E7}.Debug|Any CPU.ActiveCfg = Debug|Any CPU
		{C77B866A-2D66-278A-CED4-E705CE2867E7}.Debug|Any CPU.Build.0 = Debug|Any CPU
		{C77B866A-2D66-278A-CED4-E705CE2867E7}.Release|Any CPU.ActiveCfg = Release|Any CPU
		{C77B866A-2D66-278A-CED4-E705CE2867E7}.Release|Any CPU.Build.0 = Release|Any CPU
	EndGlobalSection
	GlobalSection(SolutionProperties) = preSolution
		HideSolutionNode = FALSE
	EndGlobalSection
EndGlobal
